
Microsoft Visual Studio Solution File, Format Version 12.00
# Visual Studio Version 17
VisualStudioVersion = 17.4.33403.182
MinimumVisualStudioVersion = 10.0.40219.1
Project("{FAE04EC0-301F-11D3-BF4B-00C04F79EFBC}") = "ConsoleApp1", "ConsoleApp1\ConsoleApp1.csproj", "{5B0E3BED-2EA7-4FEB-99DF-FE547EDB9FBD}"
EndProject
Project("{FAE04EC0-301F-11D3-BF4B-00C04F79EFBC}") = "LessonsArithmeticMean", "LessonsArithmeticMean\LessonsArithmeticMean.csproj", "{7998824B-8367-49F2-BA3B-9FCB5FD36C5D}"
EndProject
Project("{FAE04EC0-301F-11D3-BF4B-00C04F79EFBC}") = "LessonsArithmaticOperations", "LessonsArithmaticOperations\LessonsArithmaticOperations.csproj", "{E2584DBA-2643-48C2-8028-377531589DEA}"
EndProject
Project("{FAE04EC0-301F-11D3-BF4B-00C04F79EFBC}") = "LessonsExchangeRate", "LessonsExchangeRate\LessonsExchangeRate.csproj", "{7F498B83-43FC-4A30-8108-07E5325C4815}"
EndProject
Project("{FAE04EC0-301F-11D3-BF4B-00C04F79EFBC}") = "Magick", "Magick\Magick.csproj", "{901E0A9E-108A-4FFA-BCB1-E1B155C39D41}"
EndProject
Project("{FAE04EC0-301F-11D3-BF4B-00C04F79EFBC}") = "LessonsChetNechet", "LessonsChetNechet\LessonsChetNechet.csproj", "{A91AB40B-28DF-4C9D-B431-041A269A5514}"
EndProject
Project("{FAE04EC0-301F-11D3-BF4B-00C04F79EFBC}") = "testvisualstudiocode", "testvisualstudiocode\testvisualstudiocode.csproj", "{6DCC56A6-0B5C-46D5-9AB4-E1D2B1C4D4C8}"
EndProject
Global
	GlobalSection(SolutionConfigurationPlatforms) = preSolution
		Debug|Any CPU = Debug|Any CPU
		Release|Any CPU = Release|Any CPU
	EndGlobalSection
	GlobalSection(ProjectConfigurationPlatforms) = postSolution
		{5B0E3BED-2EA7-4FEB-99DF-FE547EDB9FBD}.Debug|Any CPU.ActiveCfg = Debug|Any CPU
		{5B0E3BED-2EA7-4FEB-99DF-FE547EDB9FBD}.Debug|Any CPU.Build.0 = Debug|Any CPU
		{5B0E3BED-2EA7-4FEB-99DF-FE547EDB9FBD}.Release|Any CPU.ActiveCfg = Release|Any CPU
		{5B0E3BED-2EA7-4FEB-99DF-FE547EDB9FBD}.Release|Any CPU.Build.0 = Release|Any CPU
		{7998824B-8367-49F2-BA3B-9FCB5FD36C5D}.Debug|Any CPU.ActiveCfg = Debug|Any CPU
		{7998824B-8367-49F2-BA3B-9FCB5FD36C5D}.Debug|Any CPU.Build.0 = Debug|Any CPU
		{7998824B-8367-49F2-BA3B-9FCB5FD36C5D}.Release|Any CPU.ActiveCfg = Release|Any CPU
		{7998824B-8367-49F2-BA3B-9FCB5FD36C5D}.Release|Any CPU.Build.0 = Release|Any CPU
		{E2584DBA-2643-48C2-8028-377531589DEA}.Debug|Any CPU.ActiveCfg = Debug|Any CPU
		{E2584DBA-2643-48C2-8028-377531589DEA}.Debug|Any CPU.Build.0 = Debug|Any CPU
		{E2584DBA-2643-48C2-8028-377531589DEA}.Release|Any CPU.ActiveCfg = Release|Any CPU
		{E2584DBA-2643-48C2-8028-377531589DEA}.Release|Any CPU.Build.0 = Release|Any CPU
		{7F498B83-43FC-4A30-8108-07E5325C4815}.Debug|Any CPU.ActiveCfg = Debug|Any CPU
		{7F498B83-43FC-4A30-8108-07E5325C4815}.Debug|Any CPU.Build.0 = Debug|Any CPU
		{7F498B83-43FC-4A30-8108-07E5325C4815}.Release|Any CPU.ActiveCfg = Release|Any CPU
		{7F498B83-43FC-4A30-8108-07E5325C4815}.Release|Any CPU.Build.0 = Release|Any CPU
		{901E0A9E-108A-4FFA-BCB1-E1B155C39D41}.Debug|Any CPU.ActiveCfg = Debug|Any CPU
		{901E0A9E-108A-4FFA-BCB1-E1B155C39D41}.Debug|Any CPU.Build.0 = Debug|Any CPU
		{901E0A9E-108A-4FFA-BCB1-E1B155C39D41}.Release|Any CPU.ActiveCfg = Release|Any CPU
		{901E0A9E-108A-4FFA-BCB1-E1B155C39D41}.Release|Any CPU.Build.0 = Release|Any CPU
		{A91AB40B-28DF-4C9D-B431-041A269A5514}.Debug|Any CPU.ActiveCfg = Debug|Any CPU
		{A91AB40B-28DF-4C9D-B431-041A269A5514}.Debug|Any CPU.Build.0 = Debug|Any CPU
		{A91AB40B-28DF-4C9D-B431-041A269A5514}.Release|Any CPU.ActiveCfg = Release|Any CPU
		{A91AB40B-28DF-4C9D-B431-041A269A5514}.Release|Any CPU.Build.0 = Release|Any CPU
		{6DCC56A6-0B5C-46D5-9AB4-E1D2B1C4D4C8}.Debug|Any CPU.ActiveCfg = Debug|Any CPU
		{6DCC56A6-0B5C-46D5-9AB4-E1D2B1C4D4C8}.Debug|Any CPU.Build.0 = Debug|Any CPU
		{6DCC56A6-0B5C-46D5-9AB4-E1D2B1C4D4C8}.Release|Any CPU.ActiveCfg = Release|Any CPU
		{6DCC56A6-0B5C-46D5-9AB4-E1D2B1C4D4C8}.Release|Any CPU.Build.0 = Release|Any CPU
	EndGlobalSection
	GlobalSection(SolutionProperties) = preSolution
		HideSolutionNode = FALSE
	EndGlobalSection
	GlobalSection(ExtensibilityGlobals) = postSolution
		SolutionGuid = {84A8681A-8EE6-44BB-A078-92B7AE529287}
	EndGlobalSection
EndGlobal
